
Microsoft Visual Studio Solution File, Format Version 12.00
# Visual Studio 15
VisualStudioVersion = 15.0.27130.2036
MinimumVisualStudioVersion = 10.0.40219.1
Project("{2150E333-8FDC-42A3-9474-1A3956D46DE8}") = "Solution Items", "Solution Items", "{3C10AFB5-63F0-405D-ADAA-F53898D7CB6B}"
	ProjectSection(SolutionItems) = preProject
		apiresource.png = apiresource.png
		codegen.png = codegen.png
		doc.png = doc.png
		elklog.png = elklog.png
		gatewaylog.png = gatewaylog.png
		id4ms.png = id4ms.png
		README.md = README.md
	EndProjectSection
EndProject
Project("{FAE04EC0-301F-11D3-BF4B-00C04F79EFBC}") = "IdentityServer4.MicroService.AzureJobs.Host", "IdentityServer4.MicroService.AzureJobs.Host\IdentityServer4.MicroService.AzureJobs.Host.csproj", "{F5305B1A-41D1-4E51-8250-7CF3C4AC2CE4}"
EndProject
Project("{9A19103F-16F7-4668-BE54-9A1E7A4F7556}") = "IdentityServer4.MicroService", "IdentityServer4.MicroService\IdentityServer4.MicroService.csproj", "{3A3E9C63-1F21-4766-A9BE-A4B38EFCB369}"
EndProject
Project("{9A19103F-16F7-4668-BE54-9A1E7A4F7556}") = "IdentityServer4.MicroService.Host", "IdentityServer4.MicroService.Host\IdentityServer4.MicroService.Host.csproj", "{6B779942-1271-418D-A6FB-FCB35BD529E5}"
EndProject
Project("{FAE04EC0-301F-11D3-BF4B-00C04F79EFBC}") = "IdentityServer4.MicroService.AzureJobs", "IdentityServer4.MicroService.AzureJobs\IdentityServer4.MicroService.AzureJobs.csproj", "{B71B9B32-50B8-4437-BE10-230A93EC5AB6}"
EndProject
Global
	GlobalSection(SolutionConfigurationPlatforms) = preSolution
		Debug|Any CPU = Debug|Any CPU
		Release|Any CPU = Release|Any CPU
	EndGlobalSection
	GlobalSection(ProjectConfigurationPlatforms) = postSolution
		{F5305B1A-41D1-4E51-8250-7CF3C4AC2CE4}.Debug|Any CPU.ActiveCfg = Debug|Any CPU
		{F5305B1A-41D1-4E51-8250-7CF3C4AC2CE4}.Debug|Any CPU.Build.0 = Debug|Any CPU
		{F5305B1A-41D1-4E51-8250-7CF3C4AC2CE4}.Release|Any CPU.ActiveCfg = Release|Any CPU
		{F5305B1A-41D1-4E51-8250-7CF3C4AC2CE4}.Release|Any CPU.Build.0 = Release|Any CPU
		{3A3E9C63-1F21-4766-A9BE-A4B38EFCB369}.Debug|Any CPU.ActiveCfg = Debug|Any CPU
		{3A3E9C63-1F21-4766-A9BE-A4B38EFCB369}.Debug|Any CPU.Build.0 = Debug|Any CPU
		{3A3E9C63-1F21-4766-A9BE-A4B38EFCB369}.Release|Any CPU.ActiveCfg = Release|Any CPU
		{3A3E9C63-1F21-4766-A9BE-A4B38EFCB369}.Release|Any CPU.Build.0 = Release|Any CPU
		{6B779942-1271-418D-A6FB-FCB35BD529E5}.Debug|Any CPU.ActiveCfg = Debug|Any CPU
		{6B779942-1271-418D-A6FB-FCB35BD529E5}.Debug|Any CPU.Build.0 = Debug|Any CPU
		{6B779942-1271-418D-A6FB-FCB35BD529E5}.Release|Any CPU.ActiveCfg = Release|Any CPU
		{6B779942-1271-418D-A6FB-FCB35BD529E5}.Release|Any CPU.Build.0 = Release|Any CPU
		{B71B9B32-50B8-4437-BE10-230A93EC5AB6}.Debug|Any CPU.ActiveCfg = Debug|Any CPU
		{B71B9B32-50B8-4437-BE10-230A93EC5AB6}.Debug|Any CPU.Build.0 = Debug|Any CPU
		{B71B9B32-50B8-4437-BE10-230A93EC5AB6}.Release|Any CPU.ActiveCfg = Release|Any CPU
		{B71B9B32-50B8-4437-BE10-230A93EC5AB6}.Release|Any CPU.Build.0 = Release|Any CPU
	EndGlobalSection
	GlobalSection(SolutionProperties) = preSolution
		HideSolutionNode = FALSE
	EndGlobalSection
	GlobalSection(ExtensibilityGlobals) = postSolution
		SolutionGuid = {B4518AC4-7959-47F3-9C89-B53094F9BC16}
	EndGlobalSection
EndGlobal
