
Microsoft Visual Studio Solution File, Format Version 12.00
# Visual Studio 15
VisualStudioVersion = 15.0.27130.2036
MinimumVisualStudioVersion = 10.0.40219.1
Project("{9A19103F-16F7-4668-BE54-9A1E7A4F7556}") = "IdentityServer4.MicroService", "IdentityServer4.MicroService\IdentityServer4.MicroService.csproj", "{283C0F06-3AF1-449C-ADBF-B4B0A981A7B0}"
EndProject
Project("{2150E333-8FDC-42A3-9474-1A3956D46DE8}") = "Solution Items", "Solution Items", "{3C10AFB5-63F0-405D-ADAA-F53898D7CB6B}"
	ProjectSection(SolutionItems) = preProject
		apiresource.png = apiresource.png
		codegen.png = codegen.png
		doc.png = doc.png
		elklog.png = elklog.png
		gatewaylog.png = gatewaylog.png
		README.md = README.md
	EndProjectSection
EndProject
Project("{FAE04EC0-301F-11D3-BF4B-00C04F79EFBC}") = "IdentityServer4.MicroService.SDKGen", "IdentityServer4.MicroService.SDKGen\IdentityServer4.MicroService.SDKGen.csproj", "{F5305B1A-41D1-4E51-8250-7CF3C4AC2CE4}"
EndProject
Global
	GlobalSection(SolutionConfigurationPlatforms) = preSolution
		Debug|Any CPU = Debug|Any CPU
		Release|Any CPU = Release|Any CPU
	EndGlobalSection
	GlobalSection(ProjectConfigurationPlatforms) = postSolution
		{283C0F06-3AF1-449C-ADBF-B4B0A981A7B0}.Debug|Any CPU.ActiveCfg = Debug|Any CPU
		{283C0F06-3AF1-449C-ADBF-B4B0A981A7B0}.Debug|Any CPU.Build.0 = Debug|Any CPU
		{283C0F06-3AF1-449C-ADBF-B4B0A981A7B0}.Release|Any CPU.ActiveCfg = Release|Any CPU
		{283C0F06-3AF1-449C-ADBF-B4B0A981A7B0}.Release|Any CPU.Build.0 = Release|Any CPU
		{F5305B1A-41D1-4E51-8250-7CF3C4AC2CE4}.Debug|Any CPU.ActiveCfg = Debug|Any CPU
		{F5305B1A-41D1-4E51-8250-7CF3C4AC2CE4}.Debug|Any CPU.Build.0 = Debug|Any CPU
		{F5305B1A-41D1-4E51-8250-7CF3C4AC2CE4}.Release|Any CPU.ActiveCfg = Release|Any CPU
		{F5305B1A-41D1-4E51-8250-7CF3C4AC2CE4}.Release|Any CPU.Build.0 = Release|Any CPU
	EndGlobalSection
	GlobalSection(SolutionProperties) = preSolution
		HideSolutionNode = FALSE
	EndGlobalSection
	GlobalSection(ExtensibilityGlobals) = postSolution
		SolutionGuid = {B4518AC4-7959-47F3-9C89-B53094F9BC16}
	EndGlobalSection
EndGlobal
